// !$*UTF8*$!
{
	archiveVersion = 1;
	classes = {
	};
	objectVersion = 46;
	objects = {

/* Begin PBXBuildFile section */
		ECF6119A1CBBF50400CDB561 /* main.m in Sources */ = {isa = PBXBuildFile; fileRef = ECF611991CBBF50400CDB561 /* main.m */; };
		ECF6119D1CBBF50400CDB561 /* AppDelegate.m in Sources */ = {isa = PBXBuildFile; fileRef = ECF6119C1CBBF50400CDB561 /* AppDelegate.m */; };
		ECF611A01CBBF50400CDB561 /* ViewController.m in Sources */ = {isa = PBXBuildFile; fileRef = ECF6119F1CBBF50400CDB561 /* ViewController.m */; };
		ECF611A31CBBF50400CDB561 /* Main.storyboard in Resources */ = {isa = PBXBuildFile; fileRef = ECF611A11CBBF50400CDB561 /* Main.storyboard */; };
		ECF611A51CBBF50400CDB561 /* Assets.xcassets in Resources */ = {isa = PBXBuildFile; fileRef = ECF611A41CBBF50400CDB561 /* Assets.xcassets */; };
		ECF611A81CBBF50400CDB561 /* LaunchScreen.storyboard in Resources */ = {isa = PBXBuildFile; fileRef = ECF611A61CBBF50400CDB561 /* LaunchScreen.storyboard */; };
/* End PBXBuildFile section */

/* Begin PBXFileReference section */
		ECF611951CBBF50400CDB561 /* iphone_1.app */ = {isa = PBXFileReference; explicitFileType = wrapper.application; includeInIndex = 0; path = iphone_1.app; sourceTree = BUILT_PRODUCTS_DIR; };
		ECF611991CBBF50400CDB561 /* main.m */ = {isa = PBXFileReference; lastKnownFileType = sourcecode.c.objc; path = main.m; sourceTree = "<group>"; };
		ECF6119B1CBBF50400CDB561 /* AppDelegate.h */ = {isa = PBXFileReference; lastKnownFileType = sourcecode.c.h; path = AppDelegate.h; sourceTree = "<group>"; };
		ECF6119C1CBBF50400CDB561 /* AppDelegate.m */ = {isa = PBXFileReference; lastKnownFileType = sourcecode.c.objc; path = AppDelegate.m; sourceTree = "<group>"; };
		ECF6119E1CBBF50400CDB561 /* ViewController.h */ = {isa = PBXFileReference; lastKnownFileType = sourcecode.c.h; path = ViewController.h; sourceTree = "<group>"; };
		ECF6119F1CBBF50400CDB561 /* ViewController.m */ = {isa = PBXFileReference; lastKnownFileType = sourcecode.c.objc; path = ViewController.m; sourceTree = "<group>"; };
		ECF611A21CBBF50400CDB561 /* Base */ = {isa = PBXFileReference; lastKnownFileType = file.storyboard; name = Base; path = Base.lproj/Main.storyboard; sourceTree = "<group>"; };
		ECF611A41CBBF50400CDB561 /* Assets.xcassets */ = {isa = PBXFileReference; lastKnownFileType = folder.assetcatalog; path = Assets.xcassets; sourceTree = "<group>"; };
		ECF611A71CBBF50400CDB561 /* Base */ = {isa = PBXFileReference; lastKnownFileType = file.storyboard; name = Base; path = Base.lproj/LaunchScreen.storyboard; sourceTree = "<group>"; };
		ECF611A91CBBF50400CDB561 /* Info.plist */ = {isa = PBXFileReference; lastKnownFileType = text.plist.xml; path = Info.plist; sourceTree = "<group>"; };
/* End PBXFileReference section */

/* Begin PBXFrameworksBuildPhase section */
		ECF611921CBBF50400CDB561 /* Frameworks */ = {
			isa = PBXFrameworksBuildPhase;
			buildActionMask = 2147483647;
			files = (
			);
			runOnlyForDeploymentPostprocessing = 0;
		};
/* End PBXFrameworksBuildPhase section */

/* Begin PBXGroup section */
		ECF6118C1CBBF50400CDB561 = {
			isa = PBXGroup;
			children = (
				ECF611971CBBF50400CDB561 /* iphone_1 */,
				ECF611961CBBF50400CDB561 /* Products */,
			);
			sourceTree = "<group>";
		};
		ECF611961CBBF50400CDB561 /* Products */ = {
			isa = PBXGroup;
			children = (
				ECF611951CBBF50400CDB561 /* iphone_1.app */,
			);
			name = Products;
			sourceTree = "<group>";
		};
		ECF611971CBBF50400CDB561 /* iphone_1 */ = {
			isa = PBXGroup;
			children = (
				ECF6119B1CBBF50400CDB561 /* AppDelegate.h */,
				ECF6119C1CBBF50400CDB561 /* AppDelegate.m */,
				ECF6119E1CBBF50400CDB561 /* ViewController.h */,
				ECF6119F1CBBF50400CDB561 /* ViewController.m */,
				ECF611A11CBBF50400CDB561 /* Main.storyboard */,
				ECF611A41CBBF50400CDB561 /* Assets.xcassets */,
				ECF611A61CBBF50400CDB561 /* LaunchScreen.storyboard */,
				ECF611A91CBBF50400CDB561 /* Info.plist */,
				ECF611981CBBF50400CDB561 /* Supporting Files */,
			);
			path = iphone_1;
			sourceTree = "<group>";
		};
		ECF611981CBBF50400CDB561 /* Supporting Files */ = {
			isa = PBXGroup;
			children = (
				ECF611991CBBF50400CDB561 /* main.m */,
			);
			name = "Supporting Files";
			sourceTree = "<group>";
		};
/* End PBXGroup section */

/* Begin PBXNativeTarget section */
		ECF611941CBBF50400CDB561 /* iphone_1 */ = {
			isa = PBXNativeTarget;
			buildConfigurationList = ECF611AC1CBBF50400CDB561 /* Build configuration list for PBXNativeTarget "iphone_1" */;
			buildPhases = (
				ECF611911CBBF50400CDB561 /* Sources */,
				ECF611921CBBF50400CDB561 /* Frameworks */,
				ECF611931CBBF50400CDB561 /* Resources */,
			);
			buildRules = (
			);
			dependencies = (
			);
			name = iphone_1;
			productName = iphone_1;
			productReference = ECF611951CBBF50400CDB561 /* iphone_1.app */;
			productType = "com.apple.product-type.application";
		};
/* End PBXNativeTarget section */

/* Begin PBXProject section */
		ECF6118D1CBBF50400CDB561 /* Project object */ = {
			isa = PBXProject;
			attributes = {
				LastUpgradeCheck = 0730;
				ORGANIZATIONNAME = com.lzhang;
				TargetAttributes = {
					ECF611941CBBF50400CDB561 = {
						CreatedOnToolsVersion = 7.3;
						DevelopmentTeam = A63TW9DW5A;
					};
				};
			};
			buildConfigurationList = ECF611901CBBF50400CDB561 /* Build configuration list for PBXProject "iphone_1" */;
			compatibilityVersion = "Xcode 3.2";
			developmentRegion = English;
			hasScannedForEncodings = 0;
			knownRegions = (
				en,
				Base,
			);
			mainGroup = ECF6118C1CBBF50400CDB561;
			productRefGroup = ECF611961CBBF50400CDB561 /* Products */;
			projectDirPath = "";
			projectRoot = "";
			targets = (
				ECF611941CBBF50400CDB561 /* iphone_1 */,
			);
		};
/* End PBXProject section */

/* Begin PBXResourcesBuildPhase section */
		ECF611931CBBF50400CDB561 /* Resources */ = {
			isa = PBXResourcesBuildPhase;
			buildActionMask = 2147483647;
			files = (
				ECF611A81CBBF50400CDB561 /* LaunchScreen.storyboard in Resources */,
				ECF611A51CBBF50400CDB561 /* Assets.xcassets in Resources */,
				ECF611A31CBBF50400CDB561 /* Main.storyboard in Resources */,
			);
			runOnlyForDeploymentPostprocessing = 0;
		};
/* End PBXResourcesBuildPhase section */

/* Begin PBXSourcesBuildPhase section */
		ECF611911CBBF50400CDB561 /* Sources */ = {
			isa = PBXSourcesBuildPhase;
			buildActionMask = 2147483647;
			files = (
				ECF611A01CBBF50400CDB561 /* ViewController.m in Sources */,
				ECF6119D1CBBF50400CDB561 /* AppDelegate.m in Sources */,
				ECF6119A1CBBF50400CDB561 /* main.m in Sources */,
			);
			runOnlyForDeploymentPostprocessing = 0;
		};
/* End PBXSourcesBuildPhase section */

/* Begin PBXVariantGroup section */
		ECF611A11CBBF50400CDB561 /* Main.storyboard */ = {
			isa = PBXVariantGroup;
			children = (
				ECF611A21CBBF50400CDB561 /* Base */,
			);
			name = Main.storyboard;
			sourceTree = "<group>";
		};
		ECF611A61CBBF50400CDB561 /* LaunchScreen.storyboard */ = {
			isa = PBXVariantGroup;
			children = (
				ECF611A71CBBF50400CDB561 /* Base */,
			);
			name = LaunchScreen.storyboard;
			sourceTree = "<group>";
		};
/* End PBXVariantGroup section */

/* Begin XCBuildConfiguration section */
		ECF611AA1CBBF50400CDB561 /* Debug */ = {
			isa = XCBuildConfiguration;
			buildSettings = {
				ALWAYS_SEARCH_USER_PATHS = NO;
				CLANG_ANALYZER_NONNULL = YES;
				CLANG_CXX_LANGUAGE_STANDARD = "gnu++0x";
				CLANG_CXX_LIBRARY = "libc++";
				CLANG_ENABLE_MODULES = YES;
				CLANG_ENABLE_OBJC_ARC = YES;
				CLANG_WARN_BOOL_CONVERSION = YES;
				CLANG_WARN_CONSTANT_CONVERSION = YES;
				CLANG_WARN_DIRECT_OBJC_ISA_USAGE = YES_ERROR;
				CLANG_WARN_EMPTY_BODY = YES;
				CLANG_WARN_ENUM_CONVERSION = YES;
				CLANG_WARN_INT_CONVERSION = YES;
				CLANG_WARN_OBJC_ROOT_CLASS = YES_ERROR;
				CLANG_WARN_UNREACHABLE_CODE = YES;
				CLANG_WARN__DUPLICATE_METHOD_MATCH = YES;
				"CODE_SIGN_IDENTITY[sdk=iphoneos*]" = "iPhone Developer";
				COPY_PHASE_STRIP = NO;
				DEBUG_INFORMATION_FORMAT = dwarf;
				ENABLE_STRICT_OBJC_MSGSEND = YES;
				ENABLE_TESTABILITY = YES;
				GCC_C_LANGUAGE_STANDARD = gnu99;
				GCC_DYNAMIC_NO_PIC = NO;
				GCC_NO_COMMON_BLOCKS = YES;
				GCC_OPTIMIZATION_LEVEL = 0;
				GCC_PREPROCESSOR_DEFINITIONS = (
					"DEBUG=1",
					"$(inherited)",
				);
				GCC_WARN_64_TO_32_BIT_CONVERSION = YES;
				GCC_WARN_ABOUT_RETURN_TYPE = YES_ERROR;
				GCC_WARN_UNDECLARED_SELECTOR = YES;
				GCC_WARN_UNINITIALIZED_AUTOS = YES_AGGRESSIVE;
				GCC_WARN_UNUSED_FUNCTION = YES;
				GCC_WARN_UNUSED_VARIABLE = YES;
				IPHONEOS_DEPLOYMENT_TARGET = 9.3;
				MTL_ENABLE_DEBUG_INFO = YES;
				ONLY_ACTIVE_ARCH = YES;
				SDKROOT = iphoneos;
			};
			name = Debug;
		};
		ECF611AB1CBBF50400CDB561 /* Release */ = {
			isa = XCBuildConfiguration;
			buildSettings = {
				ALWAYS_SEARCH_USER_PATHS = NO;
				CLANG_ANALYZER_NONNULL = YES;
				CLANG_CXX_LANGUAGE_STANDARD = "gnu++0x";
				CLANG_CXX_LIBRARY = "libc++";
				CLANG_ENABLE_MODULES = YES;
				CLANG_ENABLE_OBJC_ARC = YES;
				CLANG_WARN_BOOL_CONVERSION = YES;
				CLANG_WARN_CONSTANT_CONVERSION = YES;
				CLANG_WARN_DIRECT_OBJC_ISA_USAGE = YES_ERROR;
				CLANG_WARN_EMPTY_BODY = YES;
				CLANG_WARN_ENUM_CONVERSION = YES;
				CLANG_WARN_INT_CONVERSION = YES;
				CLANG_WARN_OBJC_ROOT_CLASS = YES_ERROR;
				CLANG_WARN_UNREACHABLE_CODE = YES;
				CLANG_WARN__DUPLICATE_METHOD_MATCH = YES;
				"CODE_SIGN_IDENTITY[sdk=iphoneos*]" = "iPhone Developer";
				COPY_PHASE_STRIP = NO;
				DEBUG_INFORMATION_FORMAT = "dwarf-with-dsym";
				ENABLE_NS_ASSERTIONS = NO;
				ENABLE_STRICT_OBJC_MSGSEND = YES;
				GCC_C_LANGUAGE_STANDARD = gnu99;
				GCC_NO_COMMON_BLOCKS = YES;
				GCC_WARN_64_TO_32_BIT_CONVERSION = YES;
				GCC_WARN_ABOUT_RETURN_TYPE = YES_ERROR;
				GCC_WARN_UNDECLARED_SELECTOR = YES;
				GCC_WARN_UNINITIALIZED_AUTOS = YES_AGGRESSIVE;
				GCC_WARN_UNUSED_FUNCTION = YES;
				GCC_WARN_UNUSED_VARIABLE = YES;
				IPHONEOS_DEPLOYMENT_TARGET = 9.3;
				MTL_ENABLE_DEBUG_INFO = NO;
				SDKROOT = iphoneos;
				VALIDATE_PRODUCT = YES;
			};
			name = Release;
		};
		ECF611AD1CBBF50400CDB561 /* Debug */ = {
			isa = XCBuildConfiguration;
			buildSettings = {
				ASSETCATALOG_COMPILER_APPICON_NAME = AppIcon;
				CODE_SIGN_IDENTITY = "iPhone Developer";
				INFOPLIST_FILE = iphone_1/Info.plist;
				LD_RUNPATH_SEARCH_PATHS = "$(inherited) @executable_path/Frameworks";
				PRODUCT_BUNDLE_IDENTIFIER = "lzhang.iphone-1";
				PRODUCT_NAME = "$(TARGET_NAME)";
			};
			name = Debug;
		};
		ECF611AE1CBBF50400CDB561 /* Release */ = {
			isa = XCBuildConfiguration;
			buildSettings = {
				ASSETCATALOG_COMPILER_APPICON_NAME = AppIcon;
				CODE_SIGN_IDENTITY = "iPhone Developer";
				INFOPLIST_FILE = iphone_1/Info.plist;
				LD_RUNPATH_SEARCH_PATHS = "$(inherited) @executable_path/Frameworks";
				PRODUCT_BUNDLE_IDENTIFIER = "lzhang.iphone-1";
				PRODUCT_NAME = "$(TARGET_NAME)";
			};
			name = Release;
		};
/* End XCBuildConfiguration section */

/* Begin XCConfigurationList section */
		ECF611901CBBF50400CDB561 /* Build configuration list for PBXProject "iphone_1" */ = {
			isa = XCConfigurationList;
			buildConfigurations = (
				ECF611AA1CBBF50400CDB561 /* Debug */,
				ECF611AB1CBBF50400CDB561 /* Release */,
			);
			defaultConfigurationIsVisible = 0;
			defaultConfigurationName = Release;
		};
		ECF611AC1CBBF50400CDB561 /* Build configuration list for PBXNativeTarget "iphone_1" */ = {
			isa = XCConfigurationList;
			buildConfigurations = (
				ECF611AD1CBBF50400CDB561 /* Debug */,
				ECF611AE1CBBF50400CDB561 /* Release */,
			);
			defaultConfigurationIsVisible = 0;
		};
/* End XCConfigurationList section */
	};
	rootObject = ECF6118D1CBBF50400CDB561 /* Project object */;
}
